
Microsoft Visual Studio Solution File, Format Version 12.00
# Visual Studio 2013
VisualStudioVersion = 12.0.30110.0
MinimumVisualStudioVersion = 10.0.40219.1
Project("{2150E333-8FDC-42A3-9474-1A3956D46DE8}") = "Win8.1", "Win8.1", "{29031A49-E852-4551-ACD9-7CEBB6634415}"
EndProject
Project("{2150E333-8FDC-42A3-9474-1A3956D46DE8}") = "NetCore", "NetCore", "{4D10AE6D-3DA2-461C-80FB-0FD3B10B975E}"
EndProject
Project("{2150E333-8FDC-42A3-9474-1A3956D46DE8}") = "Tests", "Tests", "{172819A6-3BDF-41DF-AF61-FD02C98AF4C3}"
EndProject
Project("{2150E333-8FDC-42A3-9474-1A3956D46DE8}") = "Tests", "Tests", "{5F3725B6-4182-46DC-ACFB-FE9FD8401F9B}"
EndProject
Project("{FAE04EC0-301F-11D3-BF4B-00C04F79EFBC}") = "PhoneNumberFormatter.Win8.1", "Win8.1\PhoneNumberFormatter.Win8.1\PhoneNumberFormatter.Win8.1.csproj", "{9B2ECDD9-DFBB-41C6-8A4A-E8380071C3D8}"
EndProject
Project("{FAE04EC0-301F-11D3-BF4B-00C04F79EFBC}") = "PhoneNumberFormatter.NetCore", "NetCore\PhoneNumberFormatter.NetCore\PhoneNumberFormatter.NetCore.csproj", "{160C7528-C03D-4BC7-B72D-F47DEC17152B}"
EndProject
Project("{FAE04EC0-301F-11D3-BF4B-00C04F79EFBC}") = "PhoneNumberFormatter.NetCore.Tests", "NetCore\Tests\PhoneNumberFormatter.NetCore.Tests\PhoneNumberFormatter.NetCore.Tests.csproj", "{CC1D399A-90C3-4F98-B5DA-11E3344B76B3}"
EndProject
Project("{FAE04EC0-301F-11D3-BF4B-00C04F79EFBC}") = "PhoneNumberFormatter.Win8.1.Tests", "Win8.1\Tests\PhoneNumberFormatter.Win8.1.Tests\PhoneNumberFormatter.Win8.1.Tests.csproj", "{5D84D25A-64BE-4B8A-AAAF-E82A068C663D}"
EndProject
Global
	GlobalSection(SolutionConfigurationPlatforms) = preSolution
		Debug|Any CPU = Debug|Any CPU
		Debug|ARM = Debug|ARM
		Debug|x64 = Debug|x64
		Debug|x86 = Debug|x86
		Release|Any CPU = Release|Any CPU
		Release|ARM = Release|ARM
		Release|x64 = Release|x64
		Release|x86 = Release|x86
	EndGlobalSection
	GlobalSection(ProjectConfigurationPlatforms) = postSolution
		{9B2ECDD9-DFBB-41C6-8A4A-E8380071C3D8}.Debug|Any CPU.ActiveCfg = Debug|Any CPU
		{9B2ECDD9-DFBB-41C6-8A4A-E8380071C3D8}.Debug|Any CPU.Build.0 = Debug|Any CPU
		{9B2ECDD9-DFBB-41C6-8A4A-E8380071C3D8}.Debug|ARM.ActiveCfg = Debug|ARM
		{9B2ECDD9-DFBB-41C6-8A4A-E8380071C3D8}.Debug|ARM.Build.0 = Debug|ARM
		{9B2ECDD9-DFBB-41C6-8A4A-E8380071C3D8}.Debug|x64.ActiveCfg = Debug|x64
		{9B2ECDD9-DFBB-41C6-8A4A-E8380071C3D8}.Debug|x64.Build.0 = Debug|x64
		{9B2ECDD9-DFBB-41C6-8A4A-E8380071C3D8}.Debug|x86.ActiveCfg = Debug|x86
		{9B2ECDD9-DFBB-41C6-8A4A-E8380071C3D8}.Debug|x86.Build.0 = Debug|x86
		{9B2ECDD9-DFBB-41C6-8A4A-E8380071C3D8}.Release|Any CPU.ActiveCfg = Release|Any CPU
		{9B2ECDD9-DFBB-41C6-8A4A-E8380071C3D8}.Release|Any CPU.Build.0 = Release|Any CPU
		{9B2ECDD9-DFBB-41C6-8A4A-E8380071C3D8}.Release|ARM.ActiveCfg = Release|ARM
		{9B2ECDD9-DFBB-41C6-8A4A-E8380071C3D8}.Release|ARM.Build.0 = Release|ARM
		{9B2ECDD9-DFBB-41C6-8A4A-E8380071C3D8}.Release|x64.ActiveCfg = Release|x64
		{9B2ECDD9-DFBB-41C6-8A4A-E8380071C3D8}.Release|x64.Build.0 = Release|x64
		{9B2ECDD9-DFBB-41C6-8A4A-E8380071C3D8}.Release|x86.ActiveCfg = Release|x86
		{9B2ECDD9-DFBB-41C6-8A4A-E8380071C3D8}.Release|x86.Build.0 = Release|x86
		{160C7528-C03D-4BC7-B72D-F47DEC17152B}.Debug|Any CPU.ActiveCfg = Debug|Any CPU
		{160C7528-C03D-4BC7-B72D-F47DEC17152B}.Debug|Any CPU.Build.0 = Debug|Any CPU
		{160C7528-C03D-4BC7-B72D-F47DEC17152B}.Debug|ARM.ActiveCfg = Debug|Any CPU
		{160C7528-C03D-4BC7-B72D-F47DEC17152B}.Debug|x64.ActiveCfg = Debug|Any CPU
		{160C7528-C03D-4BC7-B72D-F47DEC17152B}.Debug|x86.ActiveCfg = Debug|Any CPU
		{160C7528-C03D-4BC7-B72D-F47DEC17152B}.Release|Any CPU.ActiveCfg = Release|Any CPU
		{160C7528-C03D-4BC7-B72D-F47DEC17152B}.Release|Any CPU.Build.0 = Release|Any CPU
		{160C7528-C03D-4BC7-B72D-F47DEC17152B}.Release|ARM.ActiveCfg = Release|Any CPU
		{160C7528-C03D-4BC7-B72D-F47DEC17152B}.Release|x64.ActiveCfg = Release|Any CPU
		{160C7528-C03D-4BC7-B72D-F47DEC17152B}.Release|x86.ActiveCfg = Release|Any CPU
		{CC1D399A-90C3-4F98-B5DA-11E3344B76B3}.Debug|Any CPU.ActiveCfg = Debug|Any CPU
		{CC1D399A-90C3-4F98-B5DA-11E3344B76B3}.Debug|Any CPU.Build.0 = Debug|Any CPU
		{CC1D399A-90C3-4F98-B5DA-11E3344B76B3}.Debug|ARM.ActiveCfg = Debug|Any CPU
		{CC1D399A-90C3-4F98-B5DA-11E3344B76B3}.Debug|x64.ActiveCfg = Debug|Any CPU
		{CC1D399A-90C3-4F98-B5DA-11E3344B76B3}.Debug|x86.ActiveCfg = Debug|Any CPU
		{CC1D399A-90C3-4F98-B5DA-11E3344B76B3}.Release|Any CPU.ActiveCfg = Release|Any CPU
		{CC1D399A-90C3-4F98-B5DA-11E3344B76B3}.Release|Any CPU.Build.0 = Release|Any CPU
		{CC1D399A-90C3-4F98-B5DA-11E3344B76B3}.Release|ARM.ActiveCfg = Release|Any CPU
		{CC1D399A-90C3-4F98-B5DA-11E3344B76B3}.Release|x64.ActiveCfg = Release|Any CPU
		{CC1D399A-90C3-4F98-B5DA-11E3344B76B3}.Release|x86.ActiveCfg = Release|Any CPU
		{5D84D25A-64BE-4B8A-AAAF-E82A068C663D}.Debug|Any CPU.ActiveCfg = Debug|Any CPU
		{5D84D25A-64BE-4B8A-AAAF-E82A068C663D}.Debug|Any CPU.Build.0 = Debug|Any CPU
		{5D84D25A-64BE-4B8A-AAAF-E82A068C663D}.Debug|Any CPU.Deploy.0 = Debug|Any CPU
		{5D84D25A-64BE-4B8A-AAAF-E82A068C663D}.Debug|ARM.ActiveCfg = Debug|ARM
		{5D84D25A-64BE-4B8A-AAAF-E82A068C663D}.Debug|ARM.Build.0 = Debug|ARM
		{5D84D25A-64BE-4B8A-AAAF-E82A068C663D}.Debug|ARM.Deploy.0 = Debug|ARM
		{5D84D25A-64BE-4B8A-AAAF-E82A068C663D}.Debug|x64.ActiveCfg = Debug|x64
		{5D84D25A-64BE-4B8A-AAAF-E82A068C663D}.Debug|x64.Build.0 = Debug|x64
		{5D84D25A-64BE-4B8A-AAAF-E82A068C663D}.Debug|x64.Deploy.0 = Debug|x64
		{5D84D25A-64BE-4B8A-AAAF-E82A068C663D}.Debug|x86.ActiveCfg = Debug|x86
		{5D84D25A-64BE-4B8A-AAAF-E82A068C663D}.Debug|x86.Build.0 = Debug|x86
		{5D84D25A-64BE-4B8A-AAAF-E82A068C663D}.Debug|x86.Deploy.0 = Debug|x86
		{5D84D25A-64BE-4B8A-AAAF-E82A068C663D}.Release|Any CPU.ActiveCfg = Release|Any CPU
		{5D84D25A-64BE-4B8A-AAAF-E82A068C663D}.Release|Any CPU.Build.0 = Release|Any CPU
		{5D84D25A-64BE-4B8A-AAAF-E82A068C663D}.Release|Any CPU.Deploy.0 = Release|Any CPU
		{5D84D25A-64BE-4B8A-AAAF-E82A068C663D}.Release|ARM.ActiveCfg = Release|ARM
		{5D84D25A-64BE-4B8A-AAAF-E82A068C663D}.Release|ARM.Build.0 = Release|ARM
		{5D84D25A-64BE-4B8A-AAAF-E82A068C663D}.Release|ARM.Deploy.0 = Release|ARM
		{5D84D25A-64BE-4B8A-AAAF-E82A068C663D}.Release|x64.ActiveCfg = Release|x64
		{5D84D25A-64BE-4B8A-AAAF-E82A068C663D}.Release|x64.Build.0 = Release|x64
		{5D84D25A-64BE-4B8A-AAAF-E82A068C663D}.Release|x64.Deploy.0 = Release|x64
		{5D84D25A-64BE-4B8A-AAAF-E82A068C663D}.Release|x86.ActiveCfg = Release|x86
		{5D84D25A-64BE-4B8A-AAAF-E82A068C663D}.Release|x86.Build.0 = Release|x86
		{5D84D25A-64BE-4B8A-AAAF-E82A068C663D}.Release|x86.Deploy.0 = Release|x86
	EndGlobalSection
	GlobalSection(SolutionProperties) = preSolution
		HideSolutionNode = FALSE
	EndGlobalSection
	GlobalSection(NestedProjects) = preSolution
		{5F3725B6-4182-46DC-ACFB-FE9FD8401F9B} = {29031A49-E852-4551-ACD9-7CEBB6634415}
		{9B2ECDD9-DFBB-41C6-8A4A-E8380071C3D8} = {29031A49-E852-4551-ACD9-7CEBB6634415}
		{172819A6-3BDF-41DF-AF61-FD02C98AF4C3} = {4D10AE6D-3DA2-461C-80FB-0FD3B10B975E}
		{160C7528-C03D-4BC7-B72D-F47DEC17152B} = {4D10AE6D-3DA2-461C-80FB-0FD3B10B975E}
		{CC1D399A-90C3-4F98-B5DA-11E3344B76B3} = {172819A6-3BDF-41DF-AF61-FD02C98AF4C3}
		{5D84D25A-64BE-4B8A-AAAF-E82A068C663D} = {5F3725B6-4182-46DC-ACFB-FE9FD8401F9B}
	EndGlobalSection
EndGlobal
